
Microsoft Visual Studio Solution File, Format Version 12.00
# Visual Studio Version 16
VisualStudioVersion = 16.0.29905.134
MinimumVisualStudioVersion = 10.0.40219.1
Project("{FAE04EC0-301F-11D3-BF4B-00C04F79EFBC}") = "Json", "Json.csproj", "{147CE020-8ECA-4908-8F4E-4605AF9E7C90}"
EndProject
Global
	GlobalSection(SolutionConfigurationPlatforms) = preSolution
		Debug|Any CPU = Debug|Any CPU
		Release|Any CPU = Release|Any CPU
	EndGlobalSection
	GlobalSection(ProjectConfigurationPlatforms) = postSolution
		{147CE020-8ECA-4908-8F4E-4605AF9E7C90}.Debug|Any CPU.ActiveCfg = Debug|Any CPU
		{147CE020-8ECA-4908-8F4E-4605AF9E7C90}.Debug|Any CPU.Build.0 = Debug|Any CPU
		{147CE020-8ECA-4908-8F4E-4605AF9E7C90}.Release|Any CPU.ActiveCfg = Release|Any CPU
		{147CE020-8ECA-4908-8F4E-4605AF9E7C90}.Release|Any CPU.Build.0 = Release|Any CPU
	EndGlobalSection
	GlobalSection(SolutionProperties) = preSolution
		HideSolutionNode = FALSE
	EndGlobalSection
	GlobalSection(ExtensibilityGlobals) = postSolution
		SolutionGuid = {B2943888-B259-491F-959E-A4EA496C9AE8}
	EndGlobalSection
EndGlobal
